// !$*UTF8*$!
{
	archiveVersion = 1;
	classes = {
	};
	objectVersion = 77;
	objects = {

/* Begin PBXBuildFile section */
		EF7E94A62D58ABE000A52F3E /* ItemForm.swift in Sources */ = {isa = PBXBuildFile; fileRef = EF7E94A52D58ABE000A52F3E /* ItemForm.swift */; };
		EF7E94A82D58C67400A52F3E /* IphoneTabView.swift in Sources */ = {isa = PBXBuildFile; fileRef = EF7E94A72D58C67400A52F3E /* IphoneTabView.swift */; };
		EF7E94AC2D58D4EF00A52F3E /* IpadTabView.swift in Sources */ = {isa = PBXBuildFile; fileRef = EF7E94AB2D58D4EF00A52F3E /* IpadTabView.swift */; };
		EF7E94AE2D58F72700A52F3E /* .gitIgnore in Resources */ = {isa = PBXBuildFile; fileRef = EF7E94AD2D58F72700A52F3E /* .gitIgnore */; };
		EFBC76F22D4CC2AA0031ED41 /* ItemListRow.swift in Sources */ = {isa = PBXBuildFile; fileRef = EFBC76F12D4CC2AA0031ED41 /* ItemListRow.swift */; };
		EFD262EE2D4BDF5A00767E5D /* Preview Assets.xcassets in Resources */ = {isa = PBXBuildFile; fileRef = EFD262E72D4BDF5A00767E5D /* Preview Assets.xcassets */; };
		EFD262EF2D4BDF5A00767E5D /* Assets.xcassets in Resources */ = {isa = PBXBuildFile; fileRef = EFD262E92D4BDF5A00767E5D /* Assets.xcassets */; };
		EFD262F02D4BDF5A00767E5D /* ContentView.swift in Sources */ = {isa = PBXBuildFile; fileRef = EFD262EA2D4BDF5A00767E5D /* ContentView.swift */; };
		EFD262F12D4BDF5A00767E5D /* IosAppScaffoldingApp.swift in Sources */ = {isa = PBXBuildFile; fileRef = EFD262EC2D4BDF5A00767E5D /* IosAppScaffoldingApp.swift */; };
		EFD262FA2D4BE06200767E5D /* ItemsStore.swift in Sources */ = {isa = PBXBuildFile; fileRef = EFD262F92D4BE06200767E5D /* ItemsStore.swift */; };
		EFD262FC2D4BE07900767E5D /* ItemsListView.swift in Sources */ = {isa = PBXBuildFile; fileRef = EFD262FB2D4BE07900767E5D /* ItemsListView.swift */; };
		EFD262FE2D4BE08900767E5D /* ItemAddSheet.swift in Sources */ = {isa = PBXBuildFile; fileRef = EFD262FD2D4BE08900767E5D /* ItemAddSheet.swift */; };
		EFD263002D4BE0A100767E5D /* ItemDetailView.swift in Sources */ = {isa = PBXBuildFile; fileRef = EFD262FF2D4BE0A100767E5D /* ItemDetailView.swift */; };
		EFD263022D4BE0AF00767E5D /* ItemEditSheet.swift in Sources */ = {isa = PBXBuildFile; fileRef = EFD263012D4BE0AF00767E5D /* ItemEditSheet.swift */; };
		EFD263082D4BE0ED00767E5D /* SplashScreen.swift in Sources */ = {isa = PBXBuildFile; fileRef = EFD263072D4BE0ED00767E5D /* SplashScreen.swift */; };
		EFD2630C2D4BE1FB00767E5D /* Item.swift in Sources */ = {isa = PBXBuildFile; fileRef = EFD2630A2D4BE1FB00767E5D /* Item.swift */; };
		EFD2630D2D4BE1FB00767E5D /* User.swift in Sources */ = {isa = PBXBuildFile; fileRef = EFD2630B2D4BE1FB00767E5D /* User.swift */; };
		EFD2630F2D4BE21500767E5D /* Bundle+AppVersion.swift in Sources */ = {isa = PBXBuildFile; fileRef = EFD2630E2D4BE21500767E5D /* Bundle+AppVersion.swift */; };
		EFD263112D4BE23D00767E5D /* String+isValidEmail.swift in Sources */ = {isa = PBXBuildFile; fileRef = EFD263102D4BE23D00767E5D /* String+isValidEmail.swift */; };
		EFD263142D4BE2B600767E5D /* AuthService.swift in Sources */ = {isa = PBXBuildFile; fileRef = EFD263132D4BE2B600767E5D /* AuthService.swift */; };
		EFD263172D4BE3E900767E5D /* FirebaseAuth in Frameworks */ = {isa = PBXBuildFile; productRef = EFD263162D4BE3E900767E5D /* FirebaseAuth */; };
		EFD263192D4BE3E900767E5D /* FirebaseCore in Frameworks */ = {isa = PBXBuildFile; productRef = EFD263182D4BE3E900767E5D /* FirebaseCore */; };
		EFD2631B2D4BE3E900767E5D /* FirebaseFirestore in Frameworks */ = {isa = PBXBuildFile; productRef = EFD2631A2D4BE3E900767E5D /* FirebaseFirestore */; };
		EFD2631D2D4BE3E900767E5D /* FirebaseStorage in Frameworks */ = {isa = PBXBuildFile; productRef = EFD2631C2D4BE3E900767E5D /* FirebaseStorage */; };
		EFD2631F2D4BE42000767E5D /* README.md in Resources */ = {isa = PBXBuildFile; fileRef = EFD2631E2D4BE42000767E5D /* README.md */; };
		EFD263232D4BEA2E00767E5D /* LoremIpsum.swift in Sources */ = {isa = PBXBuildFile; fileRef = EFD263222D4BEA2E00767E5D /* LoremIpsum.swift */; };
		EFD263272D4BECDE00767E5D /* Date+Ago.swift in Sources */ = {isa = PBXBuildFile; fileRef = EFD263242D4BECDE00767E5D /* Date+Ago.swift */; };
		EFD2632B2D4BED5500767E5D /* ImputView.swift in Sources */ = {isa = PBXBuildFile; fileRef = EFD263292D4BED5500767E5D /* ImputView.swift */; };
		EFD263302D4BED9B00767E5D /* LoginView.swift in Sources */ = {isa = PBXBuildFile; fileRef = EFD2632D2D4BED9B00767E5D /* LoginView.swift */; };
		EFD263312D4BED9B00767E5D /* RegistrationView.swift in Sources */ = {isa = PBXBuildFile; fileRef = EFD2632E2D4BED9B00767E5D /* RegistrationView.swift */; };
		EFD263322D4BED9B00767E5D /* ResetPasswordView.swift in Sources */ = {isa = PBXBuildFile; fileRef = EFD2632F2D4BED9B00767E5D /* ResetPasswordView.swift */; };
		EFD263342D4BEFBB00767E5D /* LoginManager.swift in Sources */ = {isa = PBXBuildFile; fileRef = EFD263332D4BEFBB00767E5D /* LoginManager.swift */; };
		EFD263362D4BF7C200767E5D /* GoogleService-Info.plist in Resources */ = {isa = PBXBuildFile; fileRef = EFD263352D4BF7C200767E5D /* GoogleService-Info.plist */; };
		EFD2633D2D4C21C700767E5D /* AppConstants.swift in Sources */ = {isa = PBXBuildFile; fileRef = EFD2633C2D4C21C700767E5D /* AppConstants.swift */; };
		EFD263412D4C2C7600767E5D /* ProfileView.swift in Sources */ = {isa = PBXBuildFile; fileRef = EFD263402D4C2C7600767E5D /* ProfileView.swift */; };
		EFD263432D4C2F6D00767E5D /* SettingsRowView.swift in Sources */ = {isa = PBXBuildFile; fileRef = EFD263422D4C2F6D00767E5D /* SettingsRowView.swift */; };
/* End PBXBuildFile section */

/* Begin PBXFileReference section */
		EF7E94A52D58ABE000A52F3E /* ItemForm.swift */ = {isa = PBXFileReference; lastKnownFileType = sourcecode.swift; path = ItemForm.swift; sourceTree = "<group>"; };
		EF7E94A72D58C67400A52F3E /* IphoneTabView.swift */ = {isa = PBXFileReference; lastKnownFileType = sourcecode.swift; path = IphoneTabView.swift; sourceTree = "<group>"; };
		EF7E94AB2D58D4EF00A52F3E /* IpadTabView.swift */ = {isa = PBXFileReference; lastKnownFileType = sourcecode.swift; path = IpadTabView.swift; sourceTree = "<group>"; };
		EF7E94AD2D58F72700A52F3E /* .gitIgnore */ = {isa = PBXFileReference; lastKnownFileType = text; path = .gitIgnore; sourceTree = "<group>"; };
		EFBC76F12D4CC2AA0031ED41 /* ItemListRow.swift */ = {isa = PBXFileReference; lastKnownFileType = sourcecode.swift; path = ItemListRow.swift; sourceTree = "<group>"; };
		EFD262D52D4BDF2200767E5D /* IosAppScaffolding.app */ = {isa = PBXFileReference; explicitFileType = wrapper.application; includeInIndex = 0; path = IosAppScaffolding.app; sourceTree = BUILT_PRODUCTS_DIR; };
		EFD262E72D4BDF5A00767E5D /* Preview Assets.xcassets */ = {isa = PBXFileReference; lastKnownFileType = folder.assetcatalog; path = "Preview Assets.xcassets"; sourceTree = "<group>"; };
		EFD262E92D4BDF5A00767E5D /* Assets.xcassets */ = {isa = PBXFileReference; lastKnownFileType = folder.assetcatalog; path = Assets.xcassets; sourceTree = "<group>"; };
		EFD262EA2D4BDF5A00767E5D /* ContentView.swift */ = {isa = PBXFileReference; lastKnownFileType = sourcecode.swift; path = ContentView.swift; sourceTree = "<group>"; };
		EFD262EB2D4BDF5A00767E5D /* IosAppScaffolding.entitlements */ = {isa = PBXFileReference; lastKnownFileType = text.plist.entitlements; path = IosAppScaffolding.entitlements; sourceTree = "<group>"; };
		EFD262EC2D4BDF5A00767E5D /* IosAppScaffoldingApp.swift */ = {isa = PBXFileReference; lastKnownFileType = sourcecode.swift; path = IosAppScaffoldingApp.swift; sourceTree = "<group>"; };
		EFD262F92D4BE06200767E5D /* ItemsStore.swift */ = {isa = PBXFileReference; lastKnownFileType = sourcecode.swift; path = ItemsStore.swift; sourceTree = "<group>"; };
		EFD262FB2D4BE07900767E5D /* ItemsListView.swift */ = {isa = PBXFileReference; lastKnownFileType = sourcecode.swift; path = ItemsListView.swift; sourceTree = "<group>"; };
		EFD262FD2D4BE08900767E5D /* ItemAddSheet.swift */ = {isa = PBXFileReference; lastKnownFileType = sourcecode.swift; path = ItemAddSheet.swift; sourceTree = "<group>"; };
		EFD262FF2D4BE0A100767E5D /* ItemDetailView.swift */ = {isa = PBXFileReference; lastKnownFileType = sourcecode.swift; path = ItemDetailView.swift; sourceTree = "<group>"; };
		EFD263012D4BE0AF00767E5D /* ItemEditSheet.swift */ = {isa = PBXFileReference; lastKnownFileType = sourcecode.swift; path = ItemEditSheet.swift; sourceTree = "<group>"; };
		EFD263072D4BE0ED00767E5D /* SplashScreen.swift */ = {isa = PBXFileReference; lastKnownFileType = sourcecode.swift; path = SplashScreen.swift; sourceTree = "<group>"; };
		EFD2630A2D4BE1FB00767E5D /* Item.swift */ = {isa = PBXFileReference; lastKnownFileType = sourcecode.swift; path = Item.swift; sourceTree = "<group>"; };
		EFD2630B2D4BE1FB00767E5D /* User.swift */ = {isa = PBXFileReference; lastKnownFileType = sourcecode.swift; path = User.swift; sourceTree = "<group>"; };
		EFD2630E2D4BE21500767E5D /* Bundle+AppVersion.swift */ = {isa = PBXFileReference; lastKnownFileType = sourcecode.swift; path = "Bundle+AppVersion.swift"; sourceTree = "<group>"; };
		EFD263102D4BE23D00767E5D /* String+isValidEmail.swift */ = {isa = PBXFileReference; lastKnownFileType = sourcecode.swift; path = "String+isValidEmail.swift"; sourceTree = "<group>"; };
		EFD263132D4BE2B600767E5D /* AuthService.swift */ = {isa = PBXFileReference; lastKnownFileType = sourcecode.swift; path = AuthService.swift; sourceTree = "<group>"; };
		EFD2631E2D4BE42000767E5D /* README.md */ = {isa = PBXFileReference; lastKnownFileType = net.daringfireball.markdown; path = README.md; sourceTree = "<group>"; };
		EFD263222D4BEA2E00767E5D /* LoremIpsum.swift */ = {isa = PBXFileReference; lastKnownFileType = sourcecode.swift; path = LoremIpsum.swift; sourceTree = "<group>"; };
		EFD263242D4BECDE00767E5D /* Date+Ago.swift */ = {isa = PBXFileReference; lastKnownFileType = sourcecode.swift; path = "Date+Ago.swift"; sourceTree = "<group>"; };
		EFD263292D4BED5500767E5D /* ImputView.swift */ = {isa = PBXFileReference; lastKnownFileType = sourcecode.swift; path = ImputView.swift; sourceTree = "<group>"; };
		EFD2632D2D4BED9B00767E5D /* LoginView.swift */ = {isa = PBXFileReference; lastKnownFileType = sourcecode.swift; path = LoginView.swift; sourceTree = "<group>"; };
		EFD2632E2D4BED9B00767E5D /* RegistrationView.swift */ = {isa = PBXFileReference; lastKnownFileType = sourcecode.swift; path = RegistrationView.swift; sourceTree = "<group>"; };
		EFD2632F2D4BED9B00767E5D /* ResetPasswordView.swift */ = {isa = PBXFileReference; lastKnownFileType = sourcecode.swift; path = ResetPasswordView.swift; sourceTree = "<group>"; };
		EFD263332D4BEFBB00767E5D /* LoginManager.swift */ = {isa = PBXFileReference; lastKnownFileType = sourcecode.swift; path = LoginManager.swift; sourceTree = "<group>"; };
		EFD263352D4BF7C200767E5D /* GoogleService-Info.plist */ = {isa = PBXFileReference; lastKnownFileType = text.plist.xml; path = "GoogleService-Info.plist"; sourceTree = "<group>"; };
		EFD2633C2D4C21C700767E5D /* AppConstants.swift */ = {isa = PBXFileReference; lastKnownFileType = sourcecode.swift; path = AppConstants.swift; sourceTree = "<group>"; };
		EFD263402D4C2C7600767E5D /* ProfileView.swift */ = {isa = PBXFileReference; lastKnownFileType = sourcecode.swift; path = ProfileView.swift; sourceTree = "<group>"; };
		EFD263422D4C2F6D00767E5D /* SettingsRowView.swift */ = {isa = PBXFileReference; lastKnownFileType = sourcecode.swift; path = SettingsRowView.swift; sourceTree = "<group>"; };
/* End PBXFileReference section */

/* Begin PBXFrameworksBuildPhase section */
		EFD262D22D4BDF2200767E5D /* Frameworks */ = {
			isa = PBXFrameworksBuildPhase;
			buildActionMask = 2147483647;
			files = (
				EFD263192D4BE3E900767E5D /* FirebaseCore in Frameworks */,
				EFD2631D2D4BE3E900767E5D /* FirebaseStorage in Frameworks */,
				EFD263172D4BE3E900767E5D /* FirebaseAuth in Frameworks */,
				EFD2631B2D4BE3E900767E5D /* FirebaseFirestore in Frameworks */,
			);
			runOnlyForDeploymentPostprocessing = 0;
		};
/* End PBXFrameworksBuildPhase section */

/* Begin PBXGroup section */
		EFBC76EE2D4CC25E0031ED41 /* Listing */ = {
			isa = PBXGroup;
			children = (
				EFD262FB2D4BE07900767E5D /* ItemsListView.swift */,
				EFBC76F12D4CC2AA0031ED41 /* ItemListRow.swift */,
			);
			path = Listing;
			sourceTree = "<group>";
		};
		EFBC76EF2D4CC2680031ED41 /* Details */ = {
			isa = PBXGroup;
			children = (
				EFD262FF2D4BE0A100767E5D /* ItemDetailView.swift */,
			);
			path = Details;
			sourceTree = "<group>";
		};
		EFBC76F02D4CC2710031ED41 /* Sheets */ = {
			isa = PBXGroup;
			children = (
				EFD262FD2D4BE08900767E5D /* ItemAddSheet.swift */,
				EFD263012D4BE0AF00767E5D /* ItemEditSheet.swift */,
				EF7E94A52D58ABE000A52F3E /* ItemForm.swift */,
			);
			path = Sheets;
			sourceTree = "<group>";
		};
		EFD262CC2D4BDF2200767E5D = {
			isa = PBXGroup;
			children = (
				EFD2631E2D4BE42000767E5D /* README.md */,
				EFD262ED2D4BDF5A00767E5D /* IosAppScaffolding */,
				EFD262D62D4BDF2200767E5D /* Products */,
			);
			sourceTree = "<group>";
		};
		EFD262D62D4BDF2200767E5D /* Products */ = {
			isa = PBXGroup;
			children = (
				EFD262D52D4BDF2200767E5D /* IosAppScaffolding.app */,
			);
			name = Products;
			sourceTree = "<group>";
		};
		EFD262E82D4BDF5A00767E5D /* Preview Content */ = {
			isa = PBXGroup;
			children = (
				EFD262E72D4BDF5A00767E5D /* Preview Assets.xcassets */,
			);
			path = "Preview Content";
			sourceTree = "<group>";
		};
		EFD262ED2D4BDF5A00767E5D /* IosAppScaffolding */ = {
			isa = PBXGroup;
			children = (
				EFD262F52D4BDF6900767E5D /* App */,
				EFD262F42D4BDF6500767E5D /* Models */,
				EFD262F22D4BDF5E00767E5D /* Modules */,
				EFD263092D4BE1BD00767E5D /* Components */,
				EFD2633B2D4C21A900767E5D /* Constants */,
				EFD263262D4BECDE00767E5D /* Extensions */,
				EFD262E82D4BDF5A00767E5D /* Preview Content */,
				EFD262E92D4BDF5A00767E5D /* Assets.xcassets */,
				EFD262EB2D4BDF5A00767E5D /* IosAppScaffolding.entitlements */,
				EF7E94AD2D58F72700A52F3E /* .gitIgnore */,
			);
			path = IosAppScaffolding;
			sourceTree = "<group>";
		};
		EFD262F22D4BDF5E00767E5D /* Modules */ = {
			isa = PBXGroup;
			children = (
				EFD262F72D4BDFAE00767E5D /* Structure */,
				EFD262F62D4BDF8200767E5D /* Onboarding */,
				EFD2633E2D4C2C5000767E5D /* Profile */,
				EFD262F82D4BDFE100767E5D /* Items */,
			);
			path = Modules;
			sourceTree = "<group>";
		};
		EFD262F42D4BDF6500767E5D /* Models */ = {
			isa = PBXGroup;
			children = (
				EFD2630A2D4BE1FB00767E5D /* Item.swift */,
				EFD2630B2D4BE1FB00767E5D /* User.swift */,
			);
			path = Models;
			sourceTree = "<group>";
		};
		EFD262F52D4BDF6900767E5D /* App */ = {
			isa = PBXGroup;
			children = (
				EFD262EC2D4BDF5A00767E5D /* IosAppScaffoldingApp.swift */,
				EFD263352D4BF7C200767E5D /* GoogleService-Info.plist */,
			);
			path = App;
			sourceTree = "<group>";
		};
		EFD262F62D4BDF8200767E5D /* Onboarding */ = {
			isa = PBXGroup;
			children = (
				EFD263372D4C1C6B00767E5D /* Classes */,
				EFD263382D4C1C7400767E5D /* Views */,
			);
			path = Onboarding;
			sourceTree = "<group>";
		};
		EFD262F72D4BDFAE00767E5D /* Structure */ = {
			isa = PBXGroup;
			children = (
				EFD262EA2D4BDF5A00767E5D /* ContentView.swift */,
				EF7E94A72D58C67400A52F3E /* IphoneTabView.swift */,
				EF7E94AB2D58D4EF00A52F3E /* IpadTabView.swift */,
			);
			path = Structure;
			sourceTree = "<group>";
		};
		EFD262F82D4BDFE100767E5D /* Items */ = {
			isa = PBXGroup;
			children = (
				EFD2633A2D4C214700767E5D /* Stores */,
				EFD263392D4C1C9D00767E5D /* Views */,
			);
			path = Items;
			sourceTree = "<group>";
		};
		EFD263092D4BE1BD00767E5D /* Components */ = {
			isa = PBXGroup;
			children = (
				EFD2630E2D4BE21500767E5D /* Bundle+AppVersion.swift */,
				EFD263102D4BE23D00767E5D /* String+isValidEmail.swift */,
				EFD263292D4BED5500767E5D /* ImputView.swift */,
				EFD263222D4BEA2E00767E5D /* LoremIpsum.swift */,
			);
			path = Components;
			sourceTree = "<group>";
		};
		EFD263262D4BECDE00767E5D /* Extensions */ = {
			isa = PBXGroup;
			children = (
				EFD263242D4BECDE00767E5D /* Date+Ago.swift */,
			);
			path = Extensions;
			sourceTree = "<group>";
		};
		EFD263372D4C1C6B00767E5D /* Classes */ = {
			isa = PBXGroup;
			children = (
				EFD263332D4BEFBB00767E5D /* LoginManager.swift */,
				EFD263132D4BE2B600767E5D /* AuthService.swift */,
			);
			path = Classes;
			sourceTree = "<group>";
		};
		EFD263382D4C1C7400767E5D /* Views */ = {
			isa = PBXGroup;
			children = (
				EFD2632D2D4BED9B00767E5D /* LoginView.swift */,
				EFD2632E2D4BED9B00767E5D /* RegistrationView.swift */,
				EFD2632F2D4BED9B00767E5D /* ResetPasswordView.swift */,
				EFD263072D4BE0ED00767E5D /* SplashScreen.swift */,
			);
			path = Views;
			sourceTree = "<group>";
		};
		EFD263392D4C1C9D00767E5D /* Views */ = {
			isa = PBXGroup;
			children = (
				EFBC76EE2D4CC25E0031ED41 /* Listing */,
				EFBC76EF2D4CC2680031ED41 /* Details */,
				EFBC76F02D4CC2710031ED41 /* Sheets */,
			);
			path = Views;
			sourceTree = "<group>";
		};
		EFD2633A2D4C214700767E5D /* Stores */ = {
			isa = PBXGroup;
			children = (
				EFD262F92D4BE06200767E5D /* ItemsStore.swift */,
			);
			path = Stores;
			sourceTree = "<group>";
		};
		EFD2633B2D4C21A900767E5D /* Constants */ = {
			isa = PBXGroup;
			children = (
				EFD2633C2D4C21C700767E5D /* AppConstants.swift */,
			);
			path = Constants;
			sourceTree = "<group>";
		};
		EFD2633E2D4C2C5000767E5D /* Profile */ = {
			isa = PBXGroup;
			children = (
				EFD2633F2D4C2C5C00767E5D /* View */,
			);
			path = Profile;
			sourceTree = "<group>";
		};
		EFD2633F2D4C2C5C00767E5D /* View */ = {
			isa = PBXGroup;
			children = (
				EFD263402D4C2C7600767E5D /* ProfileView.swift */,
				EFD263422D4C2F6D00767E5D /* SettingsRowView.swift */,
			);
			path = View;
			sourceTree = "<group>";
		};
/* End PBXGroup section */

/* Begin PBXNativeTarget section */
		EFD262D42D4BDF2200767E5D /* IosAppScaffolding */ = {
			isa = PBXNativeTarget;
			buildConfigurationList = EFD262E42D4BDF2300767E5D /* Build configuration list for PBXNativeTarget "IosAppScaffolding" */;
			buildPhases = (
				EFD262D12D4BDF2200767E5D /* Sources */,
				EFD262D22D4BDF2200767E5D /* Frameworks */,
				EFD262D32D4BDF2200767E5D /* Resources */,
			);
			buildRules = (
			);
			dependencies = (
			);
			name = IosAppScaffolding;
			packageProductDependencies = (
				EFD263162D4BE3E900767E5D /* FirebaseAuth */,
				EFD263182D4BE3E900767E5D /* FirebaseCore */,
				EFD2631A2D4BE3E900767E5D /* FirebaseFirestore */,
				EFD2631C2D4BE3E900767E5D /* FirebaseStorage */,
			);
			productName = IosAppScaffolding;
			productReference = EFD262D52D4BDF2200767E5D /* IosAppScaffolding.app */;
			productType = "com.apple.product-type.application";
		};
/* End PBXNativeTarget section */

/* Begin PBXProject section */
		EFD262CD2D4BDF2200767E5D /* Project object */ = {
			isa = PBXProject;
			attributes = {
				BuildIndependentTargetsInParallel = 1;
				LastSwiftUpdateCheck = 1620;
				LastUpgradeCheck = 1620;
				TargetAttributes = {
					EFD262D42D4BDF2200767E5D = {
						CreatedOnToolsVersion = 16.2;
					};
				};
			};
			buildConfigurationList = EFD262D02D4BDF2200767E5D /* Build configuration list for PBXProject "IosAppScaffolding" */;
			developmentRegion = en;
			hasScannedForEncodings = 0;
			knownRegions = (
				en,
				Base,
			);
			mainGroup = EFD262CC2D4BDF2200767E5D;
			minimizedProjectReferenceProxies = 1;
			packageReferences = (
				EFD263152D4BE3E900767E5D /* XCRemoteSwiftPackageReference "firebase-ios-sdk" */,
			);
			preferredProjectObjectVersion = 77;
			productRefGroup = EFD262D62D4BDF2200767E5D /* Products */;
			projectDirPath = "";
			projectRoot = "";
			targets = (
				EFD262D42D4BDF2200767E5D /* IosAppScaffolding */,
			);
		};
/* End PBXProject section */

/* Begin PBXResourcesBuildPhase section */
		EFD262D32D4BDF2200767E5D /* Resources */ = {
			isa = PBXResourcesBuildPhase;
			buildActionMask = 2147483647;
			files = (
				EF7E94AE2D58F72700A52F3E /* .gitIgnore in Resources */,
				EFD2631F2D4BE42000767E5D /* README.md in Resources */,
				EFD263362D4BF7C200767E5D /* GoogleService-Info.plist in Resources */,
				EFD262EE2D4BDF5A00767E5D /* Preview Assets.xcassets in Resources */,
				EFD262EF2D4BDF5A00767E5D /* Assets.xcassets in Resources */,
			);
			runOnlyForDeploymentPostprocessing = 0;
		};
/* End PBXResourcesBuildPhase section */

/* Begin PBXSourcesBuildPhase section */
		EFD262D12D4BDF2200767E5D /* Sources */ = {
			isa = PBXSourcesBuildPhase;
			buildActionMask = 2147483647;
			files = (
				EFD263082D4BE0ED00767E5D /* SplashScreen.swift in Sources */,
				EFD263002D4BE0A100767E5D /* ItemDetailView.swift in Sources */,
				EF7E94A82D58C67400A52F3E /* IphoneTabView.swift in Sources */,
				EFD262F02D4BDF5A00767E5D /* ContentView.swift in Sources */,
				EFD263112D4BE23D00767E5D /* String+isValidEmail.swift in Sources */,
				EF7E94A62D58ABE000A52F3E /* ItemForm.swift in Sources */,
				EFD262FE2D4BE08900767E5D /* ItemAddSheet.swift in Sources */,
				EFD262F12D4BDF5A00767E5D /* IosAppScaffoldingApp.swift in Sources */,
				EFD263412D4C2C7600767E5D /* ProfileView.swift in Sources */,
				EFBC76F22D4CC2AA0031ED41 /* ItemListRow.swift in Sources */,
				EFD2632B2D4BED5500767E5D /* ImputView.swift in Sources */,
				EFD263302D4BED9B00767E5D /* LoginView.swift in Sources */,
				EFD263312D4BED9B00767E5D /* RegistrationView.swift in Sources */,
				EFD263322D4BED9B00767E5D /* ResetPasswordView.swift in Sources */,
				EFD2630C2D4BE1FB00767E5D /* Item.swift in Sources */,
				EFD263342D4BEFBB00767E5D /* LoginManager.swift in Sources */,
				EFD2630D2D4BE1FB00767E5D /* User.swift in Sources */,
				EFD262FA2D4BE06200767E5D /* ItemsStore.swift in Sources */,
				EF7E94AC2D58D4EF00A52F3E /* IpadTabView.swift in Sources */,
				EFD263272D4BECDE00767E5D /* Date+Ago.swift in Sources */,
				EFD2630F2D4BE21500767E5D /* Bundle+AppVersion.swift in Sources */,
				EFD262FC2D4BE07900767E5D /* ItemsListView.swift in Sources */,
				EFD263142D4BE2B600767E5D /* AuthService.swift in Sources */,
				EFD263432D4C2F6D00767E5D /* SettingsRowView.swift in Sources */,
				EFD263232D4BEA2E00767E5D /* LoremIpsum.swift in Sources */,
				EFD263022D4BE0AF00767E5D /* ItemEditSheet.swift in Sources */,
				EFD2633D2D4C21C700767E5D /* AppConstants.swift in Sources */,
			);
			runOnlyForDeploymentPostprocessing = 0;
		};
/* End PBXSourcesBuildPhase section */

/* Begin XCBuildConfiguration section */
		EFD262E22D4BDF2300767E5D /* Debug */ = {
			isa = XCBuildConfiguration;
			buildSettings = {
				ALWAYS_SEARCH_USER_PATHS = NO;
				ASSETCATALOG_COMPILER_GENERATE_SWIFT_ASSET_SYMBOL_EXTENSIONS = YES;
				CLANG_ANALYZER_NONNULL = YES;
				CLANG_ANALYZER_NUMBER_OBJECT_CONVERSION = YES_AGGRESSIVE;
				CLANG_CXX_LANGUAGE_STANDARD = "gnu++20";
				CLANG_ENABLE_MODULES = YES;
				CLANG_ENABLE_OBJC_ARC = YES;
				CLANG_ENABLE_OBJC_WEAK = YES;
				CLANG_WARN_BLOCK_CAPTURE_AUTORELEASING = YES;
				CLANG_WARN_BOOL_CONVERSION = YES;
				CLANG_WARN_COMMA = YES;
				CLANG_WARN_CONSTANT_CONVERSION = YES;
				CLANG_WARN_DEPRECATED_OBJC_IMPLEMENTATIONS = YES;
				CLANG_WARN_DIRECT_OBJC_ISA_USAGE = YES_ERROR;
				CLANG_WARN_DOCUMENTATION_COMMENTS = YES;
				CLANG_WARN_EMPTY_BODY = YES;
				CLANG_WARN_ENUM_CONVERSION = YES;
				CLANG_WARN_INFINITE_RECURSION = YES;
				CLANG_WARN_INT_CONVERSION = YES;
				CLANG_WARN_NON_LITERAL_NULL_CONVERSION = YES;
				CLANG_WARN_OBJC_IMPLICIT_RETAIN_SELF = YES;
				CLANG_WARN_OBJC_LITERAL_CONVERSION = YES;
				CLANG_WARN_OBJC_ROOT_CLASS = YES_ERROR;
				CLANG_WARN_QUOTED_INCLUDE_IN_FRAMEWORK_HEADER = YES;
				CLANG_WARN_RANGE_LOOP_ANALYSIS = YES;
				CLANG_WARN_STRICT_PROTOTYPES = YES;
				CLANG_WARN_SUSPICIOUS_MOVE = YES;
				CLANG_WARN_UNGUARDED_AVAILABILITY = YES_AGGRESSIVE;
				CLANG_WARN_UNREACHABLE_CODE = YES;
				CLANG_WARN__DUPLICATE_METHOD_MATCH = YES;
				COPY_PHASE_STRIP = NO;
				DEBUG_INFORMATION_FORMAT = dwarf;
				ENABLE_STRICT_OBJC_MSGSEND = YES;
				ENABLE_TESTABILITY = YES;
				ENABLE_USER_SCRIPT_SANDBOXING = YES;
				GCC_C_LANGUAGE_STANDARD = gnu17;
				GCC_DYNAMIC_NO_PIC = NO;
				GCC_NO_COMMON_BLOCKS = YES;
				GCC_OPTIMIZATION_LEVEL = 0;
				GCC_PREPROCESSOR_DEFINITIONS = (
					"DEBUG=1",
					"$(inherited)",
				);
				GCC_WARN_64_TO_32_BIT_CONVERSION = YES;
				GCC_WARN_ABOUT_RETURN_TYPE = YES_ERROR;
				GCC_WARN_UNDECLARED_SELECTOR = YES;
				GCC_WARN_UNINITIALIZED_AUTOS = YES_AGGRESSIVE;
				GCC_WARN_UNUSED_FUNCTION = YES;
				GCC_WARN_UNUSED_VARIABLE = YES;
				LOCALIZATION_PREFERS_STRING_CATALOGS = YES;
				MTL_ENABLE_DEBUG_INFO = INCLUDE_SOURCE;
				MTL_FAST_MATH = YES;
				ONLY_ACTIVE_ARCH = YES;
				SWIFT_ACTIVE_COMPILATION_CONDITIONS = "DEBUG $(inherited)";
				SWIFT_OPTIMIZATION_LEVEL = "-Onone";
			};
			name = Debug;
		};
		EFD262E32D4BDF2300767E5D /* Release */ = {
			isa = XCBuildConfiguration;
			buildSettings = {
				ALWAYS_SEARCH_USER_PATHS = NO;
				ASSETCATALOG_COMPILER_GENERATE_SWIFT_ASSET_SYMBOL_EXTENSIONS = YES;
				CLANG_ANALYZER_NONNULL = YES;
				CLANG_ANALYZER_NUMBER_OBJECT_CONVERSION = YES_AGGRESSIVE;
				CLANG_CXX_LANGUAGE_STANDARD = "gnu++20";
				CLANG_ENABLE_MODULES = YES;
				CLANG_ENABLE_OBJC_ARC = YES;
				CLANG_ENABLE_OBJC_WEAK = YES;
				CLANG_WARN_BLOCK_CAPTURE_AUTORELEASING = YES;
				CLANG_WARN_BOOL_CONVERSION = YES;
				CLANG_WARN_COMMA = YES;
				CLANG_WARN_CONSTANT_CONVERSION = YES;
				CLANG_WARN_DEPRECATED_OBJC_IMPLEMENTATIONS = YES;
				CLANG_WARN_DIRECT_OBJC_ISA_USAGE = YES_ERROR;
				CLANG_WARN_DOCUMENTATION_COMMENTS = YES;
				CLANG_WARN_EMPTY_BODY = YES;
				CLANG_WARN_ENUM_CONVERSION = YES;
				CLANG_WARN_INFINITE_RECURSION = YES;
				CLANG_WARN_INT_CONVERSION = YES;
				CLANG_WARN_NON_LITERAL_NULL_CONVERSION = YES;
				CLANG_WARN_OBJC_IMPLICIT_RETAIN_SELF = YES;
				CLANG_WARN_OBJC_LITERAL_CONVERSION = YES;
				CLANG_WARN_OBJC_ROOT_CLASS = YES_ERROR;
				CLANG_WARN_QUOTED_INCLUDE_IN_FRAMEWORK_HEADER = YES;
				CLANG_WARN_RANGE_LOOP_ANALYSIS = YES;
				CLANG_WARN_STRICT_PROTOTYPES = YES;
				CLANG_WARN_SUSPICIOUS_MOVE = YES;
				CLANG_WARN_UNGUARDED_AVAILABILITY = YES_AGGRESSIVE;
				CLANG_WARN_UNREACHABLE_CODE = YES;
				CLANG_WARN__DUPLICATE_METHOD_MATCH = YES;
				COPY_PHASE_STRIP = NO;
				DEBUG_INFORMATION_FORMAT = "dwarf-with-dsym";
				ENABLE_NS_ASSERTIONS = NO;
				ENABLE_STRICT_OBJC_MSGSEND = YES;
				ENABLE_USER_SCRIPT_SANDBOXING = YES;
				GCC_C_LANGUAGE_STANDARD = gnu17;
				GCC_NO_COMMON_BLOCKS = YES;
				GCC_WARN_64_TO_32_BIT_CONVERSION = YES;
				GCC_WARN_ABOUT_RETURN_TYPE = YES_ERROR;
				GCC_WARN_UNDECLARED_SELECTOR = YES;
				GCC_WARN_UNINITIALIZED_AUTOS = YES_AGGRESSIVE;
				GCC_WARN_UNUSED_FUNCTION = YES;
				GCC_WARN_UNUSED_VARIABLE = YES;
				LOCALIZATION_PREFERS_STRING_CATALOGS = YES;
				MTL_ENABLE_DEBUG_INFO = NO;
				MTL_FAST_MATH = YES;
				SWIFT_COMPILATION_MODE = wholemodule;
			};
			name = Release;
		};
		EFD262E52D4BDF2300767E5D /* Debug */ = {
			isa = XCBuildConfiguration;
			buildSettings = {
				ASSETCATALOG_COMPILER_APPICON_NAME = AppIcon;
				ASSETCATALOG_COMPILER_GLOBAL_ACCENT_COLOR_NAME = AccentColor;
				CODE_SIGN_ENTITLEMENTS = IosAppScaffolding/IosAppScaffolding.entitlements;
				CODE_SIGN_STYLE = Automatic;
				CURRENT_PROJECT_VERSION = 1;
				DEVELOPMENT_ASSET_PATHS = "\"IosAppScaffolding/Preview Content\"";
				DEVELOPMENT_TEAM = AFN965WVDV;
				ENABLE_HARDENED_RUNTIME = YES;
				ENABLE_PREVIEWS = YES;
				GENERATE_INFOPLIST_FILE = YES;
				"INFOPLIST_KEY_UIApplicationSceneManifest_Generation[sdk=iphoneos*]" = YES;
				"INFOPLIST_KEY_UIApplicationSceneManifest_Generation[sdk=iphonesimulator*]" = YES;
				"INFOPLIST_KEY_UIApplicationSupportsIndirectInputEvents[sdk=iphoneos*]" = YES;
				"INFOPLIST_KEY_UIApplicationSupportsIndirectInputEvents[sdk=iphonesimulator*]" = YES;
				"INFOPLIST_KEY_UILaunchScreen_Generation[sdk=iphoneos*]" = YES;
				"INFOPLIST_KEY_UILaunchScreen_Generation[sdk=iphonesimulator*]" = YES;
				"INFOPLIST_KEY_UIStatusBarStyle[sdk=iphoneos*]" = UIStatusBarStyleDefault;
				"INFOPLIST_KEY_UIStatusBarStyle[sdk=iphonesimulator*]" = UIStatusBarStyleDefault;
				INFOPLIST_KEY_UISupportedInterfaceOrientations_iPad = "UIInterfaceOrientationPortrait UIInterfaceOrientationPortraitUpsideDown UIInterfaceOrientationLandscapeLeft UIInterfaceOrientationLandscapeRight";
				INFOPLIST_KEY_UISupportedInterfaceOrientations_iPhone = "UIInterfaceOrientationPortrait UIInterfaceOrientationLandscapeLeft UIInterfaceOrientationLandscapeRight";
				IPHONEOS_DEPLOYMENT_TARGET = 18.2;
				LD_RUNPATH_SEARCH_PATHS = "@executable_path/Frameworks";
				"LD_RUNPATH_SEARCH_PATHS[sdk=macosx*]" = "@executable_path/../Frameworks";
				MACOSX_DEPLOYMENT_TARGET = 15.2;
				MARKETING_VERSION = 1.0;
				PRODUCT_BUNDLE_IDENTIFIER = Net.Silex.IosAppScaffolding;
				PRODUCT_NAME = "$(TARGET_NAME)";
				SDKROOT = auto;
				SUPPORTED_PLATFORMS = "iphoneos iphonesimulator macosx xros xrsimulator";
				SWIFT_EMIT_LOC_STRINGS = YES;
				SWIFT_VERSION = 5.0;
				TARGETED_DEVICE_FAMILY = "1,2,7";
				XROS_DEPLOYMENT_TARGET = 2.2;
			};
			name = Debug;
		};
		EFD262E62D4BDF2300767E5D /* Release */ = {
			isa = XCBuildConfiguration;
			buildSettings = {
				ASSETCATALOG_COMPILER_APPICON_NAME = AppIcon;
				ASSETCATALOG_COMPILER_GLOBAL_ACCENT_COLOR_NAME = AccentColor;
				CODE_SIGN_ENTITLEMENTS = IosAppScaffolding/IosAppScaffolding.entitlements;
				CODE_SIGN_STYLE = Automatic;
				CURRENT_PROJECT_VERSION = 1;
				DEVELOPMENT_ASSET_PATHS = "\"IosAppScaffolding/Preview Content\"";
				DEVELOPMENT_TEAM = AFN965WVDV;
				ENABLE_HARDENED_RUNTIME = YES;
				ENABLE_PREVIEWS = YES;
				GENERATE_INFOPLIST_FILE = YES;
				"INFOPLIST_KEY_UIApplicationSceneManifest_Generation[sdk=iphoneos*]" = YES;
				"INFOPLIST_KEY_UIApplicationSceneManifest_Generation[sdk=iphonesimulator*]" = YES;
				"INFOPLIST_KEY_UIApplicationSupportsIndirectInputEvents[sdk=iphoneos*]" = YES;
				"INFOPLIST_KEY_UIApplicationSupportsIndirectInputEvents[sdk=iphonesimulator*]" = YES;
				"INFOPLIST_KEY_UILaunchScreen_Generation[sdk=iphoneos*]" = YES;
				"INFOPLIST_KEY_UILaunchScreen_Generation[sdk=iphonesimulator*]" = YES;
				"INFOPLIST_KEY_UIStatusBarStyle[sdk=iphoneos*]" = UIStatusBarStyleDefault;
				"INFOPLIST_KEY_UIStatusBarStyle[sdk=iphonesimulator*]" = UIStatusBarStyleDefault;
				INFOPLIST_KEY_UISupportedInterfaceOrientations_iPad = "UIInterfaceOrientationPortrait UIInterfaceOrientationPortraitUpsideDown UIInterfaceOrientationLandscapeLeft UIInterfaceOrientationLandscapeRight";
				INFOPLIST_KEY_UISupportedInterfaceOrientations_iPhone = "UIInterfaceOrientationPortrait UIInterfaceOrientationLandscapeLeft UIInterfaceOrientationLandscapeRight";
				IPHONEOS_DEPLOYMENT_TARGET = 18.2;
				LD_RUNPATH_SEARCH_PATHS = "@executable_path/Frameworks";
				"LD_RUNPATH_SEARCH_PATHS[sdk=macosx*]" = "@executable_path/../Frameworks";
				MACOSX_DEPLOYMENT_TARGET = 15.2;
				MARKETING_VERSION = 1.0;
				PRODUCT_BUNDLE_IDENTIFIER = Net.Silex.IosAppScaffolding;
				PRODUCT_NAME = "$(TARGET_NAME)";
				SDKROOT = auto;
				SUPPORTED_PLATFORMS = "iphoneos iphonesimulator macosx xros xrsimulator";
				SWIFT_EMIT_LOC_STRINGS = YES;
				SWIFT_VERSION = 5.0;
				TARGETED_DEVICE_FAMILY = "1,2,7";
				XROS_DEPLOYMENT_TARGET = 2.2;
			};
			name = Release;
		};
/* End XCBuildConfiguration section */

/* Begin XCConfigurationList section */
		EFD262D02D4BDF2200767E5D /* Build configuration list for PBXProject "IosAppScaffolding" */ = {
			isa = XCConfigurationList;
			buildConfigurations = (
				EFD262E22D4BDF2300767E5D /* Debug */,
				EFD262E32D4BDF2300767E5D /* Release */,
			);
			defaultConfigurationIsVisible = 0;
			defaultConfigurationName = Release;
		};
		EFD262E42D4BDF2300767E5D /* Build configuration list for PBXNativeTarget "IosAppScaffolding" */ = {
			isa = XCConfigurationList;
			buildConfigurations = (
				EFD262E52D4BDF2300767E5D /* Debug */,
				EFD262E62D4BDF2300767E5D /* Release */,
			);
			defaultConfigurationIsVisible = 0;
			defaultConfigurationName = Release;
		};
/* End XCConfigurationList section */

/* Begin XCRemoteSwiftPackageReference section */
		EFD263152D4BE3E900767E5D /* XCRemoteSwiftPackageReference "firebase-ios-sdk" */ = {
			isa = XCRemoteSwiftPackageReference;
			repositoryURL = "https://github.com/firebase/firebase-ios-sdk";
			requirement = {
				kind = upToNextMajorVersion;
				minimumVersion = 11.7.0;
			};
		};
/* End XCRemoteSwiftPackageReference section */

/* Begin XCSwiftPackageProductDependency section */
		EFD263162D4BE3E900767E5D /* FirebaseAuth */ = {
			isa = XCSwiftPackageProductDependency;
			package = EFD263152D4BE3E900767E5D /* XCRemoteSwiftPackageReference "firebase-ios-sdk" */;
			productName = FirebaseAuth;
		};
		EFD263182D4BE3E900767E5D /* FirebaseCore */ = {
			isa = XCSwiftPackageProductDependency;
			package = EFD263152D4BE3E900767E5D /* XCRemoteSwiftPackageReference "firebase-ios-sdk" */;
			productName = FirebaseCore;
		};
		EFD2631A2D4BE3E900767E5D /* FirebaseFirestore */ = {
			isa = XCSwiftPackageProductDependency;
			package = EFD263152D4BE3E900767E5D /* XCRemoteSwiftPackageReference "firebase-ios-sdk" */;
			productName = FirebaseFirestore;
		};
		EFD2631C2D4BE3E900767E5D /* FirebaseStorage */ = {
			isa = XCSwiftPackageProductDependency;
			package = EFD263152D4BE3E900767E5D /* XCRemoteSwiftPackageReference "firebase-ios-sdk" */;
			productName = FirebaseStorage;
		};
/* End XCSwiftPackageProductDependency section */
	};
	rootObject = EFD262CD2D4BDF2200767E5D /* Project object */;
}
